{
  "name": "@frontity/core",
  "version": "0.2.0",
  "lockfileVersion": 1,
  "requires": true,
  "dependencies": {
    "@loadable/component": {
      "version": "5.9.0",
      "resolved": "https://registry.npmjs.org/@loadable/component/-/component-5.9.0.tgz",
      "integrity": "sha512-6nnIm8VthaakyCX7fQVy/nTqtIv0NZwaTJpkL0BiB9msm4mXc5v+7elq4f9LJVmSpw/xIpJMeUbYwZtBYxmlEg==",
      "requires": {
        "hoist-non-react-statics": "^3.3.0"
      },
      "dependencies": {
        "hoist-non-react-statics": {
          "version": "3.3.0",
          "resolved": "https://registry.npmjs.org/hoist-non-react-statics/-/hoist-non-react-statics-3.3.0.tgz",
          "integrity": "sha512-0XsbTXxgiaCDYDIWFcwkmerZPSwywfUqYmwT4jzewKTQSWoE6FCMoUVOeBJWK3E/CrWbxRG3m5GzY4lnIwGRBA==",
          "requires": {
            "react-is": "^16.7.0"
          }
        },
        "react-is": {
          "version": "16.8.6",
          "resolved": "https://registry.npmjs.org/react-is/-/react-is-16.8.6.tgz",
          "integrity": "sha512-aUk3bHfZ2bRSVFFbbeVS4i+lNPZr3/WM5jT2J5omUVV1zzcs1nAaf3l51ctA5FFvCRbhrH0bdAsRRQddFJZPtA=="
        }
      }
    }
  }
}
