{
  "name": "@frontity/twentytwenty-theme",
  "version": "1.0.0-beta.1",
  "lockfileVersion": 1,
  "requires": true,
  "dependencies": {
    "@emotion/is-prop-valid": {
      "version": "0.7.3",
      "resolved": "https://registry.npmjs.org/@emotion/is-prop-valid/-/is-prop-valid-0.7.3.tgz",
      "integrity": "sha512-uxJqm/sqwXw3YPA5GXX365OBcJGFtxUVkB6WyezqFHlNe9jqUWH5ur2O2M8dGBz61kn1g3ZBlzUunFQXQIClhA==",
      "requires": {
        "@emotion/memoize": "0.7.1"
      }
    },
    "@emotion/memoize": {
      "version": "0.7.1",
      "resolved": "https://registry.npmjs.org/@emotion/memoize/-/memoize-0.7.1.tgz",
      "integrity": "sha512-Qv4LTqO11jepd5Qmlp3M1YEjBumoTHcHFdgPTQ+sFlIL5myi/7xu/POwP7IRu6odBdmLXdtIs1D6TuW6kbwbbg=="
    },
    "@frontity/components": {
      "version": "1.1.15",
      "requires": {
        "@frontity/hooks": "^1.1.14"
      }
    },
    "@frontity/hooks": {
      "version": "1.1.14"
    },
    "@frontity/html2react": {
      "version": "1.1.15",
      "requires": {
        "@frontity/components": "^1.1.15",
        "he": "^1.2.0",
        "himalaya": "^1.1.0"
      }
    },
    "@popmotion/easing": {
      "version": "1.0.2",
      "resolved": "https://registry.npmjs.org/@popmotion/easing/-/easing-1.0.2.tgz",
      "integrity": "sha512-IkdW0TNmRnWTeWI7aGQIVDbKXPWHVEYdGgd5ZR4SH/Ty/61p63jCjrPxX1XrR7IGkl08bjhJROStD7j+RKgoIw=="
    },
    "@popmotion/popcorn": {
      "version": "0.4.4",
      "resolved": "https://registry.npmjs.org/@popmotion/popcorn/-/popcorn-0.4.4.tgz",
      "integrity": "sha512-jYO/8319fKoNLMlY4ZJPiPu8Ea8occYwRZhxpaNn/kZsK4QG2E7XFlXZMJBsTWDw7I1i0uaqyC4zn1nwEezLzg==",
      "requires": {
        "@popmotion/easing": "^1.0.1",
        "framesync": "^4.0.1",
        "hey-listen": "^1.0.8",
        "style-value-types": "^3.1.7",
        "tslib": "^1.10.0"
      }
    },
    "@types/invariant": {
      "version": "2.2.30",
      "resolved": "https://registry.npmjs.org/@types/invariant/-/invariant-2.2.30.tgz",
      "integrity": "sha512-98fB+yo7imSD2F7PF7GIpELNgtLNgo5wjivu0W5V4jx+KVVJxo6p/qN4zdzSTBWy4/sN3pPyXwnhRSD28QX+ag=="
    },
    "@types/node": {
      "version": "10.17.9",
      "resolved": "https://registry.npmjs.org/@types/node/-/node-10.17.9.tgz",
      "integrity": "sha512-+6VygF9LbG7Gaqeog2G7u1+RUcmo0q1rI+2ZxdIg2fAUngk5Vz9fOCHXdloNUOHEPd1EuuOpL5O0CdgN9Fx5UQ=="
    },
    "commondir": {
      "version": "1.0.1",
      "resolved": "https://registry.npmjs.org/commondir/-/commondir-1.0.1.tgz",
      "integrity": "sha1-3dgA2gxmEnOTzKWVDqloo6rxJTs="
    },
    "estree-walker": {
      "version": "0.6.1",
      "resolved": "https://registry.npmjs.org/estree-walker/-/estree-walker-0.6.1.tgz",
      "integrity": "sha512-SqmZANLWS0mnatqbSfRP5g8OXZC12Fgg1IwNtLsyHDzJizORW4khDfjPqJZsemPWBB2uqykUah5YpQ6epsqC/w=="
    },
    "find-cache-dir": {
      "version": "3.2.0",
      "resolved": "https://registry.npmjs.org/find-cache-dir/-/find-cache-dir-3.2.0.tgz",
      "integrity": "sha512-1JKclkYYsf1q9WIJKLZa9S9muC+08RIjzAlLrK4QcYLJMS6mk9yombQ9qf+zJ7H9LS800k0s44L4sDq9VYzqyg==",
      "requires": {
        "commondir": "^1.0.1",
        "make-dir": "^3.0.0",
        "pkg-dir": "^4.1.0"
      }
    },
    "find-up": {
      "version": "4.1.0",
      "resolved": "https://registry.npmjs.org/find-up/-/find-up-4.1.0.tgz",
      "integrity": "sha512-PpOwAdQ/YlXQ2vj8a3h8IipDuYRi3wceVQQGYWxNINccq40Anw7BlsEXCMbt1Zt+OLA6Fq9suIpIWD0OsnISlw==",
      "requires": {
        "locate-path": "^5.0.0",
        "path-exists": "^4.0.0"
      }
    },
    "framesync": {
      "version": "4.0.4",
      "resolved": "https://registry.npmjs.org/framesync/-/framesync-4.0.4.tgz",
      "integrity": "sha512-mdP0WvVHe0/qA62KG2LFUAOiWLng5GLpscRlwzBxu2VXOp6B8hNs5C5XlFigsMgrfDrr2YbqTsgdWZTc4RXRMQ==",
      "requires": {
        "hey-listen": "^1.0.8",
        "tslib": "^1.10.0"
      }
    },
    "frontity": {
      "version": "1.4.4",
      "requires": {
        "@emotion/core": "^10.0.22",
        "@emotion/styled": "^10.0.22",
        "@frontity/connect": "^1.0.3",
        "@frontity/type-declarations": "^1.0.1",
        "@frontity/types": "^1.1.2",
        "@loadable/component": "^5.10.1",
        "chalk": "^2.4.2",
        "clipboardy": "^2.1.0",
        "commander": "^2.20.0",
        "didyoumean": "^1.2.1",
        "envinfo": "^7.3.1",
        "fs-extra": "^7.0.1",
        "inquirer": "^6.3.1",
        "node-fetch": "^2.6.0",
        "ora": "^3.4.0",
        "ramda": "^0.26.1",
        "react-helmet-async": "^1.0.2",
        "tar": "^4.4.8",
        "ts-node": "^8.0.3",
        "typescript": "^3.6.3"
      }
    },
    "fs-extra": {
      "version": "8.1.0",
      "resolved": "https://registry.npmjs.org/fs-extra/-/fs-extra-8.1.0.tgz",
      "integrity": "sha512-yhlQgA6mnOJUKOsRUFsgJdQCvkKhcz8tlZG5HBQfReYZy46OwLcY+Zia0mtdHsOo9y/hP+CxMN0TU9QxoOtG4g==",
      "requires": {
        "graceful-fs": "^4.2.0",
        "jsonfile": "^4.0.0",
        "universalify": "^0.1.0"
      }
    },
    "graceful-fs": {
      "version": "4.2.3",
      "resolved": "https://registry.npmjs.org/graceful-fs/-/graceful-fs-4.2.3.tgz",
      "integrity": "sha512-a30VEBm4PEdx1dRB7MFK7BejejvCvBronbLjht+sHuGYj8PHs7M/5Z+rt5lw551vZ7yfTCj4Vuyy3mSJytDWRQ=="
    },
    "hey-listen": {
      "version": "1.0.8",
      "resolved": "https://registry.npmjs.org/hey-listen/-/hey-listen-1.0.8.tgz",
      "integrity": "sha512-COpmrF2NOg4TBWUJ5UVyaCU2A88wEMkUPK4hNqyCkqHbxT92BbvfjoSozkAIIm6XhicGlJHhFdullInrdhwU8Q=="
    },
    "jsonfile": {
      "version": "4.0.0",
      "resolved": "https://registry.npmjs.org/jsonfile/-/jsonfile-4.0.0.tgz",
      "integrity": "sha1-h3Gq4HmbZAdrdmQPygWPnBDjPss=",
      "requires": {
        "graceful-fs": "^4.1.6"
      }
    },
    "locate-path": {
      "version": "5.0.0",
      "resolved": "https://registry.npmjs.org/locate-path/-/locate-path-5.0.0.tgz",
      "integrity": "sha512-t7hw9pI+WvuwNJXwk5zVHpyhIqzg2qTlklJOf0mVxGSbe3Fp2VieZcduNYjaLDoy6p9uGpQEGWG87WpMKlNq8g==",
      "requires": {
        "p-locate": "^4.1.0"
      }
    },
    "make-dir": {
      "version": "3.0.0",
      "resolved": "https://registry.npmjs.org/make-dir/-/make-dir-3.0.0.tgz",
      "integrity": "sha512-grNJDhb8b1Jm1qeqW5R/O63wUo4UXo2v2HMic6YT9i/HBlF93S8jkMgH7yugvY9ABDShH4VZMn8I+U8+fCNegw==",
      "requires": {
        "semver": "^6.0.0"
      }
    },
    "p-limit": {
      "version": "2.2.1",
      "resolved": "https://registry.npmjs.org/p-limit/-/p-limit-2.2.1.tgz",
      "integrity": "sha512-85Tk+90UCVWvbDavCLKPOLC9vvY8OwEX/RtKF+/1OADJMVlFfEHOiMTPVyxg7mk/dKa+ipdHm0OUkTvCpMTuwg==",
      "requires": {
        "p-try": "^2.0.0"
      }
    },
    "p-locate": {
      "version": "4.1.0",
      "resolved": "https://registry.npmjs.org/p-locate/-/p-locate-4.1.0.tgz",
      "integrity": "sha512-R79ZZ/0wAxKGu3oYMlz8jy/kbhsNrS7SKZ7PxEHBgJ5+F2mtFW2fK2cOtBh1cHYkQsbzFV7I+EoRKe6Yt0oK7A==",
      "requires": {
        "p-limit": "^2.2.0"
      }
    },
    "p-try": {
      "version": "2.2.0",
      "resolved": "https://registry.npmjs.org/p-try/-/p-try-2.2.0.tgz",
      "integrity": "sha512-R4nPAVTAU0B9D35/Gk3uJf/7XYbQcyohSKdvAxIRSNghFl4e71hVoGnBNQz9cWaXxO2I10KTC+3jMdvvoKw6dQ=="
    },
    "path-exists": {
      "version": "4.0.0",
      "resolved": "https://registry.npmjs.org/path-exists/-/path-exists-4.0.0.tgz",
      "integrity": "sha512-ak9Qy5Q7jYb2Wwcey5Fpvg2KoAc/ZIhLSLOSBmRmygPsGwkVVt0fZa0qrtMz+m6tJTAHfZQ8FnmB4MG4LWy7/w=="
    },
    "path-parse": {
      "version": "1.0.6",
      "resolved": "https://registry.npmjs.org/path-parse/-/path-parse-1.0.6.tgz",
      "integrity": "sha512-GSmOT2EbHrINBf9SR7CDELwlJ8AENk3Qn7OikK4nFYAu3Ote2+JYNVvkpAEQm3/TLNEJFD/xZJjzyxg3KBWOzw=="
    },
    "pkg-dir": {
      "version": "4.2.0",
      "resolved": "https://registry.npmjs.org/pkg-dir/-/pkg-dir-4.2.0.tgz",
      "integrity": "sha512-HRDzbaKjC+AOWVXxAU/x54COGeIv9eb+6CkDSQoNTt4XyWoIJvuPsXizxu/Fr23EiekbtZwmh1IcIG/l/a10GQ==",
      "requires": {
        "find-up": "^4.0.0"
      }
    },
    "popmotion": {
      "version": "8.7.1",
      "resolved": "https://registry.npmjs.org/popmotion/-/popmotion-8.7.1.tgz",
      "integrity": "sha512-XVQQnlmc8nLKBbR9gGVtsjNe/g1mOzg9TzWR2cE2bztvZe/IaSDDV6OY8HZcbcL+yUg3lJn4hh4MWbV+J8mj9Q==",
      "requires": {
        "@popmotion/easing": "^1.0.1",
        "@popmotion/popcorn": "^0.4.4",
        "framesync": "^4.0.0",
        "hey-listen": "^1.0.5",
        "style-value-types": "^3.1.7",
        "stylefire": "^7.0.1",
        "tslib": "^1.10.0"
      }
    },
    "popmotion-pose": {
      "version": "3.4.11",
      "resolved": "https://registry.npmjs.org/popmotion-pose/-/popmotion-pose-3.4.11.tgz",
      "integrity": "sha512-KjaevePyC1+Q3ylIcBO3YMhCouE1a/3bvtBXThrwz44fw1yXCUQagPJGkGirXI/J1xF+w3Lx3bpkkgwArizpEQ==",
      "requires": {
        "@popmotion/easing": "^1.0.1",
        "hey-listen": "^1.0.5",
        "popmotion": "^8.7.1",
        "pose-core": "^2.1.1",
        "style-value-types": "^3.0.6",
        "ts-essentials": "^1.0.3",
        "tslib": "^1.10.0"
      }
    },
    "pose-core": {
      "version": "2.1.1",
      "resolved": "https://registry.npmjs.org/pose-core/-/pose-core-2.1.1.tgz",
      "integrity": "sha512-fV1sDfu80debHmKerikypqGoORMEUHVwGh/BlWnqUSmmzQGYIg8neDrdwe66hFeRO+adr2qS4ZERSu/ZVjOiSQ==",
      "requires": {
        "@types/invariant": "^2.2.29",
        "@types/node": "^10.0.5",
        "hey-listen": "^1.0.5",
        "rollup-plugin-typescript2": "^0.25.2",
        "tslib": "^1.10.0",
        "typescript": "^3.7.2"
      }
    },
    "react-pose": {
      "version": "4.0.10",
      "resolved": "https://registry.npmjs.org/react-pose/-/react-pose-4.0.10.tgz",
      "integrity": "sha512-OKc5oqKw+nL9FvIokxn8MmaAmkNsWv64hLX9xWWcMWXSgEo745hzYUqDn2viMJ97mf76oPy6Vc+BS4k6Kwj78g==",
      "requires": {
        "@emotion/is-prop-valid": "^0.7.3",
        "hey-listen": "^1.0.5",
        "popmotion-pose": "^3.4.10",
        "tslib": "^1.10.0"
      }
    },
    "resolve": {
      "version": "1.12.0",
      "resolved": "https://registry.npmjs.org/resolve/-/resolve-1.12.0.tgz",
      "integrity": "sha512-B/dOmuoAik5bKcD6s6nXDCjzUKnaDvdkRyAk6rsmsKLipWj4797iothd7jmmUhWTfinVMU+wc56rYKsit2Qy4w==",
      "requires": {
        "path-parse": "^1.0.6"
      }
    },
    "rollup-plugin-typescript2": {
      "version": "0.25.3",
      "resolved": "https://registry.npmjs.org/rollup-plugin-typescript2/-/rollup-plugin-typescript2-0.25.3.tgz",
      "integrity": "sha512-ADkSaidKBovJmf5VBnZBZe+WzaZwofuvYdzGAKTN/J4hN7QJCFYAq7IrH9caxlru6T5qhX41PNFS1S4HqhsGQg==",
      "requires": {
        "find-cache-dir": "^3.0.0",
        "fs-extra": "8.1.0",
        "resolve": "1.12.0",
        "rollup-pluginutils": "2.8.1",
        "tslib": "1.10.0"
      }
    },
    "rollup-pluginutils": {
      "version": "2.8.1",
      "resolved": "https://registry.npmjs.org/rollup-pluginutils/-/rollup-pluginutils-2.8.1.tgz",
      "integrity": "sha512-J5oAoysWar6GuZo0s+3bZ6sVZAC0pfqKz68De7ZgDi5z63jOVZn1uJL/+z1jeKHNbGII8kAyHF5q8LnxSX5lQg==",
      "requires": {
        "estree-walker": "^0.6.1"
      }
    },
    "semver": {
      "version": "6.3.0",
      "resolved": "https://registry.npmjs.org/semver/-/semver-6.3.0.tgz",
      "integrity": "sha512-b39TBaTSfV6yBrapU89p5fKekE2m/NwnDocOVruQFS1/veMgdzuPcnOM34M6CwxW8jH/lxEa5rBoDeUwu5HHTw=="
    },
    "style-value-types": {
      "version": "3.1.7",
      "resolved": "https://registry.npmjs.org/style-value-types/-/style-value-types-3.1.7.tgz",
      "integrity": "sha512-jPaG5HcAPs3vetSwOJozrBXxuHo9tjZVnbRyBjxqb00c2saIoeuBJc1/2MtvB8eRZy41u/BBDH0CpfzWixftKg==",
      "requires": {
        "hey-listen": "^1.0.8",
        "tslib": "^1.10.0"
      }
    },
    "stylefire": {
      "version": "7.0.1",
      "resolved": "https://registry.npmjs.org/stylefire/-/stylefire-7.0.1.tgz",
      "integrity": "sha512-xp7hGiK5xyX7xINQI7qWagcLMyS6aLLbP2kMA3DTS4X31uPI3M7IyOm9TPmXwaMKG9fJ2Cgo4F2okcNB6nzxKQ==",
      "requires": {
        "@popmotion/popcorn": "^0.4.4",
        "framesync": "^4.0.0",
        "hey-listen": "^1.0.8",
        "style-value-types": "^3.1.7",
        "tslib": "^1.10.0"
      }
    },
    "ts-essentials": {
      "version": "1.0.4",
      "resolved": "https://registry.npmjs.org/ts-essentials/-/ts-essentials-1.0.4.tgz",
      "integrity": "sha512-q3N1xS4vZpRouhYHDPwO0bDW3EZ6SK9CrrDHxi/D6BPReSjpVgWIOpLS2o0gSBZm+7q/wyKp6RVM1AeeW7uyfQ=="
    },
    "tslib": {
      "version": "1.10.0",
      "resolved": "https://registry.npmjs.org/tslib/-/tslib-1.10.0.tgz",
      "integrity": "sha512-qOebF53frne81cf0S9B41ByenJ3/IuH8yJKngAX35CmiZySA0khhkovshKK+jGCaMnVomla7gVlIcc3EvKPbTQ=="
    },
    "typescript": {
      "version": "3.7.3",
      "resolved": "https://registry.npmjs.org/typescript/-/typescript-3.7.3.tgz",
      "integrity": "sha512-Mcr/Qk7hXqFBXMN7p7Lusj1ktCBydylfQM/FZCk5glCNQJrCUKPkMHdo9R0MTFWsC/4kPFvDS0fDPvukfCkFsw=="
    },
    "universalify": {
      "version": "0.1.2",
      "resolved": "https://registry.npmjs.org/universalify/-/universalify-0.1.2.tgz",
      "integrity": "sha512-rBJeI5CXAlmy1pV+617WB9J63U6XcazHHF2f2dbJix4XzpUF0RS3Zbj0FGIOCAva5P/d/GBOYaACQ1w+0azUkg=="
    }
  }
}
