{
  "name": "@frontity/mars-theme",
  "version": "0.1.0",
  "lockfileVersion": 1,
  "requires": true,
  "dependencies": {
    "@frontity/core": {
      "version": "0.2.0",
      "dev": true,
      "requires": {
        "@babel/core": "^7.3.4",
        "@babel/plugin-proposal-class-properties": "^7.3.4",
        "@babel/plugin-proposal-object-rest-spread": "^7.3.4",
        "@babel/plugin-syntax-dynamic-import": "^7.2.0",
        "@babel/preset-env": "^7.3.4",
        "@babel/preset-react": "^7.0.0",
        "@babel/preset-typescript": "^7.3.3",
        "@emotion/babel-preset-css-prop": "^10.0.9",
        "@emotion/core": "^10.0.10",
        "@emotion/styled": "^10.0.10",
        "@frontity/connect": "^0.1.0",
        "@frontity/file-settings": "^0.1.0",
        "@loadable/babel-plugin": "^5.8.0",
        "@loadable/component": "^5.7.0",
        "@loadable/server": "^5.8.0",
        "@loadable/webpack-plugin": "^5.7.1",
        "babel-loader": "^8.0.5",
        "babel-plugin-transform-inline-environment-variables": "^0.4.3",
        "core-js": "^3.0.1",
        "deepmerge": "^3.2.0",
        "emotion": "^10.0.9",
        "emotion-server": "^10.0.9",
        "express": "^4.16.4",
        "fs-extra": "^7.0.1",
        "hash-it": "^4.0.4",
        "koa": "^2.7.0",
        "koa-favicon": "^2.0.1",
        "koa-mount": "^4.0.0",
        "koa-route": "^3.2.0",
        "koa-static": "^5.0.0",
        "lodash-es": "^4.17.11",
        "minimist": "^1.2.0",
        "promise-monofill": "^1.0.1",
        "react": "^16.8.3",
        "react-dom": "^16.8.3",
        "react-helmet": "^5.2.0",
        "ts-node": "^8.0.3",
        "typescript": "^3.4.2",
        "webpack": "^4.29.6",
        "webpack-bundle-analyzer": "^3.1.0",
        "webpack-dev-middleware": "^3.6.0",
        "webpack-hot-middleware": "^2.24.3"
      }
    },
    "frontity": {
      "version": "0.1.4",
      "dev": true,
      "requires": {
        "@frontity/types": "^0.1.0",
        "chalk": "^2.4.2",
        "commander": "^2.20.0",
        "fs-extra": "^7.0.1",
        "node-fetch": "^2.4.1",
        "ora": "^3.4.0",
        "ramda": "^0.26.1",
        "tar": "^4.4.8"
      }
    },
    "js-tokens": {
      "version": "4.0.0",
      "resolved": "https://registry.npmjs.org/js-tokens/-/js-tokens-4.0.0.tgz",
      "integrity": "sha512-RdJUflcE3cUzKiMqQgsCu06FPu9UdIJO0beYbPhHN4k6apgJtifcoCtT9bcxOpYBtpD2kCM6Sbzg4CausW/PKQ==",
      "dev": true
    },
    "loose-envify": {
      "version": "1.4.0",
      "resolved": "https://registry.npmjs.org/loose-envify/-/loose-envify-1.4.0.tgz",
      "integrity": "sha512-lyuxPGr/Wfhrlem2CL/UcnUc1zcqKAImBDzukY7Y5F/yQiNdko6+fRLevlw1HgMySw7f611UIY408EtxRSoK3Q==",
      "dev": true,
      "requires": {
        "js-tokens": "^3.0.0 || ^4.0.0"
      }
    },
    "object-assign": {
      "version": "4.1.1",
      "resolved": "https://registry.npmjs.org/object-assign/-/object-assign-4.1.1.tgz",
      "integrity": "sha1-IQmtx5ZYh8/AXLvUQsrIv7s2CGM=",
      "dev": true
    },
    "prop-types": {
      "version": "15.7.2",
      "resolved": "https://registry.npmjs.org/prop-types/-/prop-types-15.7.2.tgz",
      "integrity": "sha512-8QQikdH7//R2vurIJSutZ1smHYTcLpRWEOlHnzcWHmBYrOGUysKwSsrC89BCiFj3CbrfJ/nXFdJepOVrY1GCHQ==",
      "dev": true,
      "requires": {
        "loose-envify": "^1.4.0",
        "object-assign": "^4.1.1",
        "react-is": "^16.8.1"
      }
    },
    "react": {
      "version": "16.8.6",
      "resolved": "https://registry.npmjs.org/react/-/react-16.8.6.tgz",
      "integrity": "sha512-pC0uMkhLaHm11ZSJULfOBqV4tIZkx87ZLvbbQYunNixAAvjnC+snJCg0XQXn9VIsttVsbZP/H/ewzgsd5fxKXw==",
      "dev": true,
      "requires": {
        "loose-envify": "^1.1.0",
        "object-assign": "^4.1.1",
        "prop-types": "^15.6.2",
        "scheduler": "^0.13.6"
      }
    },
    "react-is": {
      "version": "16.8.6",
      "resolved": "https://registry.npmjs.org/react-is/-/react-is-16.8.6.tgz",
      "integrity": "sha512-aUk3bHfZ2bRSVFFbbeVS4i+lNPZr3/WM5jT2J5omUVV1zzcs1nAaf3l51ctA5FFvCRbhrH0bdAsRRQddFJZPtA==",
      "dev": true
    },
    "scheduler": {
      "version": "0.13.6",
      "resolved": "https://registry.npmjs.org/scheduler/-/scheduler-0.13.6.tgz",
      "integrity": "sha512-IWnObHt413ucAYKsD9J1QShUKkbKLQQHdxRyw73sw4FN26iWr3DY/H34xGPe4nmL1DwXyWmSWmMrA9TfQbE/XQ==",
      "dev": true,
      "requires": {
        "loose-envify": "^1.1.0",
        "object-assign": "^4.1.1"
      }
    }
  }
}
